# THIS IS AN AUTOGENERATED FILE. DO NOT EDIT THIS FILE DIRECTLY.
# yarn lockfile v1


argparse@^1.0.7:
  version "1.0.10"
  resolved "http://registry.npm.taobao.org/argparse/download/argparse-1.0.10.tgz#bcd6791ea5ae09725e17e5ad988134cd40b3d911"
  integrity sha1-vNZ5HqWuCXJeF+WtmIE0zUCz2RE=
  dependencies:
    sprintf-js "~1.0.2"

commander@1.0.0:
  version "1.0.0"
  resolved "http://registry.npm.taobao.org/commander/download/commander-1.0.0.tgz#5e6a88e7070ff5908836ead19169548c30f90bcd"
  integrity sha1-XmqI5wcP9ZCINurRkWlUjDD5C80=

esprima@^4.0.0:
  version "4.0.1"
  resolved "http://registry.npm.taobao.org/esprima/download/esprima-4.0.1.tgz#13b04cdb3e6c5d19df91ab6987a8695619b0aa71"
  integrity sha1-E7BM2z5sXRnfkatph6hpVhmwqnE=

hexo-front-matter-excerpt@^0.2.0:
  version "0.2.0"
  resolved "http://registry.npm.taobao.org/hexo-front-matter-excerpt/download/hexo-front-matter-excerpt-0.2.0.tgz#42d18d5d29a319e4fcadb9f30931e24a93aa94e4"
  integrity sha1-QtGNXSmjGeT8rbnzCTHiSpOqlOQ=
  dependencies:
    yaml-front-matter "^3.0.1"

js-yaml@^3.5.2:
  version "3.12.2"
  resolved "http://registry.npm.taobao.org/js-yaml/download/js-yaml-3.12.2.tgz#ef1d067c5a9d9cb65bd72f285b5d8105c77f14fc"
  integrity sha1-7x0GfFqdnLZb1y8oW12BBcd/FPw=
  dependencies:
    argparse "^1.0.7"
    esprima "^4.0.0"

sprintf-js@~1.0.2:
  version "1.0.3"
  resolved "http://registry.npm.taobao.org/sprintf-js/download/sprintf-js-1.0.3.tgz#04e6926f662895354f3dd015203633b857297e2c"
  integrity sha1-BOaSb2YolTVPPdAVIDYzuFcpfiw=

yaml-front-matter@^3.0.1:
  version "3.4.1"
  resolved "http://registry.npm.taobao.org/yaml-front-matter/download/yaml-front-matter-3.4.1.tgz#e52e84fea6983b93755e9b1564dba989b006b5a5"
  integrity sha1-5S6E/qaYO5N1XpsVZNupibAGtaU=
  dependencies:
    commander "1.0.0"
    js-yaml "^3.5.2"
